
Microsoft Visual Studio Solution File, Format Version 12.00
# Visual Studio 15
VisualStudioVersion = 15.0.27130.2026
MinimumVisualStudioVersion = 10.0.40219.1
Project("{FAE04EC0-301F-11D3-BF4B-00C04F79EFBC}") = "LottieAnimationDemo.Android", "LottieAnimationDemo\LottieAnimationDemo.Android\LottieAnimationDemo.Android.csproj", "{ED615448-A4E0-4E98-9287-94187B223C49}"
EndProject
Project("{FAE04EC0-301F-11D3-BF4B-00C04F79EFBC}") = "LottieAnimationDemo.iOS", "LottieAnimationDemo\LottieAnimationDemo.iOS\LottieAnimationDemo.iOS.csproj", "{AEE607AA-60EC-40A6-908C-E6BE864D6292}"
EndProject
Project("{FAE04EC0-301F-11D3-BF4B-00C04F79EFBC}") = "LottieAnimationDemo.UWP", "LottieAnimationDemo\LottieAnimationDemo.UWP\LottieAnimationDemo.UWP.csproj", "{464D2BAE-B6CD-4C2F-9E94-7CCE6A2BE8EB}"
EndProject
Project("{FAE04EC0-301F-11D3-BF4B-00C04F79EFBC}") = "LottieAnimationDemo", "LottieAnimationDemo\LottieAnimationDemo\LottieAnimationDemo.csproj", "{C147ABCC-78BF-429E-A065-63786B696704}"
EndProject
Global
	GlobalSection(SolutionConfigurationPlatforms) = preSolution
		Ad-Hoc|Any CPU = Ad-Hoc|Any CPU
		Ad-Hoc|ARM = Ad-Hoc|ARM
		Ad-Hoc|iPhone = Ad-Hoc|iPhone
		Ad-Hoc|iPhoneSimulator = Ad-Hoc|iPhoneSimulator
		Ad-Hoc|x64 = Ad-Hoc|x64
		Ad-Hoc|x86 = Ad-Hoc|x86
		AppStore|Any CPU = AppStore|Any CPU
		AppStore|ARM = AppStore|ARM
		AppStore|iPhone = AppStore|iPhone
		AppStore|iPhoneSimulator = AppStore|iPhoneSimulator
		AppStore|x64 = AppStore|x64
		AppStore|x86 = AppStore|x86
		Debug|Any CPU = Debug|Any CPU
		Debug|ARM = Debug|ARM
		Debug|iPhone = Debug|iPhone
		Debug|iPhoneSimulator = Debug|iPhoneSimulator
		Debug|x64 = Debug|x64
		Debug|x86 = Debug|x86
		Release|Any CPU = Release|Any CPU
		Release|ARM = Release|ARM
		Release|iPhone = Release|iPhone
		Release|iPhoneSimulator = Release|iPhoneSimulator
		Release|x64 = Release|x64
		Release|x86 = Release|x86
	EndGlobalSection
	GlobalSection(ProjectConfigurationPlatforms) = postSolution
		{ED615448-A4E0-4E98-9287-94187B223C49}.Ad-Hoc|Any CPU.ActiveCfg = Release|Any CPU
		{ED615448-A4E0-4E98-9287-94187B223C49}.Ad-Hoc|Any CPU.Build.0 = Release|Any CPU
		{ED615448-A4E0-4E98-9287-94187B223C49}.Ad-Hoc|Any CPU.Deploy.0 = Release|Any CPU
		{ED615448-A4E0-4E98-9287-94187B223C49}.Ad-Hoc|ARM.ActiveCfg = Release|Any CPU
		{ED615448-A4E0-4E98-9287-94187B223C49}.Ad-Hoc|ARM.Build.0 = Release|Any CPU
		{ED615448-A4E0-4E98-9287-94187B223C49}.Ad-Hoc|ARM.Deploy.0 = Release|Any CPU
		{ED615448-A4E0-4E98-9287-94187B223C49}.Ad-Hoc|iPhone.ActiveCfg = Release|Any CPU
		{ED615448-A4E0-4E98-9287-94187B223C49}.Ad-Hoc|iPhone.Build.0 = Release|Any CPU
		{ED615448-A4E0-4E98-9287-94187B223C49}.Ad-Hoc|iPhone.Deploy.0 = Release|Any CPU
		{ED615448-A4E0-4E98-9287-94187B223C49}.Ad-Hoc|iPhoneSimulator.ActiveCfg = Release|Any CPU
		{ED615448-A4E0-4E98-9287-94187B223C49}.Ad-Hoc|iPhoneSimulator.Build.0 = Release|Any CPU
		{ED615448-A4E0-4E98-9287-94187B223C49}.Ad-Hoc|iPhoneSimulator.Deploy.0 = Release|Any CPU
		{ED615448-A4E0-4E98-9287-94187B223C49}.Ad-Hoc|x64.ActiveCfg = Release|Any CPU
		{ED615448-A4E0-4E98-9287-94187B223C49}.Ad-Hoc|x64.Build.0 = Release|Any CPU
		{ED615448-A4E0-4E98-9287-94187B223C49}.Ad-Hoc|x64.Deploy.0 = Release|Any CPU
		{ED615448-A4E0-4E98-9287-94187B223C49}.Ad-Hoc|x86.ActiveCfg = Release|Any CPU
		{ED615448-A4E0-4E98-9287-94187B223C49}.Ad-Hoc|x86.Build.0 = Release|Any CPU
		{ED615448-A4E0-4E98-9287-94187B223C49}.Ad-Hoc|x86.Deploy.0 = Release|Any CPU
		{ED615448-A4E0-4E98-9287-94187B223C49}.AppStore|Any CPU.ActiveCfg = Release|Any CPU
		{ED615448-A4E0-4E98-9287-94187B223C49}.AppStore|Any CPU.Build.0 = Release|Any CPU
		{ED615448-A4E0-4E98-9287-94187B223C49}.AppStore|Any CPU.Deploy.0 = Release|Any CPU
		{ED615448-A4E0-4E98-9287-94187B223C49}.AppStore|ARM.ActiveCfg = Release|Any CPU
		{ED615448-A4E0-4E98-9287-94187B223C49}.AppStore|ARM.Build.0 = Release|Any CPU
		{ED615448-A4E0-4E98-9287-94187B223C49}.AppStore|ARM.Deploy.0 = Release|Any CPU
		{ED615448-A4E0-4E98-9287-94187B223C49}.AppStore|iPhone.ActiveCfg = Release|Any CPU
		{ED615448-A4E0-4E98-9287-94187B223C49}.AppStore|iPhone.Build.0 = Release|Any CPU
		{ED615448-A4E0-4E98-9287-94187B223C49}.AppStore|iPhone.Deploy.0 = Release|Any CPU
		{ED615448-A4E0-4E98-9287-94187B223C49}.AppStore|iPhoneSimulator.ActiveCfg = Release|Any CPU
		{ED615448-A4E0-4E98-9287-94187B223C49}.AppStore|iPhoneSimulator.Build.0 = Release|Any CPU
		{ED615448-A4E0-4E98-9287-94187B223C49}.AppStore|iPhoneSimulator.Deploy.0 = Release|Any CPU
		{ED615448-A4E0-4E98-9287-94187B223C49}.AppStore|x64.ActiveCfg = Release|Any CPU
		{ED615448-A4E0-4E98-9287-94187B223C49}.AppStore|x64.Build.0 = Release|Any CPU
		{ED615448-A4E0-4E98-9287-94187B223C49}.AppStore|x64.Deploy.0 = Release|Any CPU
		{ED615448-A4E0-4E98-9287-94187B223C49}.AppStore|x86.ActiveCfg = Release|Any CPU
		{ED615448-A4E0-4E98-9287-94187B223C49}.AppStore|x86.Build.0 = Release|Any CPU
		{ED615448-A4E0-4E98-9287-94187B223C49}.AppStore|x86.Deploy.0 = Release|Any CPU
		{ED615448-A4E0-4E98-9287-94187B223C49}.Debug|Any CPU.ActiveCfg = Debug|Any CPU
		{ED615448-A4E0-4E98-9287-94187B223C49}.Debug|Any CPU.Build.0 = Debug|Any CPU
		{ED615448-A4E0-4E98-9287-94187B223C49}.Debug|Any CPU.Deploy.0 = Debug|Any CPU
		{ED615448-A4E0-4E98-9287-94187B223C49}.Debug|ARM.ActiveCfg = Debug|Any CPU
		{ED615448-A4E0-4E98-9287-94187B223C49}.Debug|ARM.Build.0 = Debug|Any CPU
		{ED615448-A4E0-4E98-9287-94187B223C49}.Debug|ARM.Deploy.0 = Debug|Any CPU
		{ED615448-A4E0-4E98-9287-94187B223C49}.Debug|iPhone.ActiveCfg = Debug|Any CPU
		{ED615448-A4E0-4E98-9287-94187B223C49}.Debug|iPhone.Build.0 = Debug|Any CPU
		{ED615448-A4E0-4E98-9287-94187B223C49}.Debug|iPhone.Deploy.0 = Debug|Any CPU
		{ED615448-A4E0-4E98-9287-94187B223C49}.Debug|iPhoneSimulator.ActiveCfg = Debug|Any CPU
		{ED615448-A4E0-4E98-9287-94187B223C49}.Debug|iPhoneSimulator.Build.0 = Debug|Any CPU
		{ED615448-A4E0-4E98-9287-94187B223C49}.Debug|iPhoneSimulator.Deploy.0 = Debug|Any CPU
		{ED615448-A4E0-4E98-9287-94187B223C49}.Debug|x64.ActiveCfg = Debug|Any CPU
		{ED615448-A4E0-4E98-9287-94187B223C49}.Debug|x64.Build.0 = Debug|Any CPU
		{ED615448-A4E0-4E98-9287-94187B223C49}.Debug|x64.Deploy.0 = Debug|Any CPU
		{ED615448-A4E0-4E98-9287-94187B223C49}.Debug|x86.ActiveCfg = Debug|Any CPU
		{ED615448-A4E0-4E98-9287-94187B223C49}.Debug|x86.Build.0 = Debug|Any CPU
		{ED615448-A4E0-4E98-9287-94187B223C49}.Debug|x86.Deploy.0 = Debug|Any CPU
		{ED615448-A4E0-4E98-9287-94187B223C49}.Release|Any CPU.ActiveCfg = Release|Any CPU
		{ED615448-A4E0-4E98-9287-94187B223C49}.Release|Any CPU.Build.0 = Release|Any CPU
		{ED615448-A4E0-4E98-9287-94187B223C49}.Release|Any CPU.Deploy.0 = Release|Any CPU
		{ED615448-A4E0-4E98-9287-94187B223C49}.Release|ARM.ActiveCfg = Release|Any CPU
		{ED615448-A4E0-4E98-9287-94187B223C49}.Release|ARM.Build.0 = Release|Any CPU
		{ED615448-A4E0-4E98-9287-94187B223C49}.Release|ARM.Deploy.0 = Release|Any CPU
		{ED615448-A4E0-4E98-9287-94187B223C49}.Release|iPhone.ActiveCfg = Release|Any CPU
		{ED615448-A4E0-4E98-9287-94187B223C49}.Release|iPhone.Build.0 = Release|Any CPU
		{ED615448-A4E0-4E98-9287-94187B223C49}.Release|iPhone.Deploy.0 = Release|Any CPU
		{ED615448-A4E0-4E98-9287-94187B223C49}.Release|iPhoneSimulator.ActiveCfg = Release|Any CPU
		{ED615448-A4E0-4E98-9287-94187B223C49}.Release|iPhoneSimulator.Build.0 = Release|Any CPU
		{ED615448-A4E0-4E98-9287-94187B223C49}.Release|iPhoneSimulator.Deploy.0 = Release|Any CPU
		{ED615448-A4E0-4E98-9287-94187B223C49}.Release|x64.ActiveCfg = Release|Any CPU
		{ED615448-A4E0-4E98-9287-94187B223C49}.Release|x64.Build.0 = Release|Any CPU
		{ED615448-A4E0-4E98-9287-94187B223C49}.Release|x64.Deploy.0 = Release|Any CPU
		{ED615448-A4E0-4E98-9287-94187B223C49}.Release|x86.ActiveCfg = Release|Any CPU
		{ED615448-A4E0-4E98-9287-94187B223C49}.Release|x86.Build.0 = Release|Any CPU
		{ED615448-A4E0-4E98-9287-94187B223C49}.Release|x86.Deploy.0 = Release|Any CPU
		{AEE607AA-60EC-40A6-908C-E6BE864D6292}.Ad-Hoc|Any CPU.ActiveCfg = Ad-Hoc|iPhone
		{AEE607AA-60EC-40A6-908C-E6BE864D6292}.Ad-Hoc|ARM.ActiveCfg = Ad-Hoc|iPhone
		{AEE607AA-60EC-40A6-908C-E6BE864D6292}.Ad-Hoc|iPhone.ActiveCfg = Ad-Hoc|iPhone
		{AEE607AA-60EC-40A6-908C-E6BE864D6292}.Ad-Hoc|iPhone.Build.0 = Ad-Hoc|iPhone
		{AEE607AA-60EC-40A6-908C-E6BE864D6292}.Ad-Hoc|iPhoneSimulator.ActiveCfg = Ad-Hoc|iPhoneSimulator
		{AEE607AA-60EC-40A6-908C-E6BE864D6292}.Ad-Hoc|iPhoneSimulator.Build.0 = Ad-Hoc|iPhoneSimulator
		{AEE607AA-60EC-40A6-908C-E6BE864D6292}.Ad-Hoc|x64.ActiveCfg = Ad-Hoc|iPhone
		{AEE607AA-60EC-40A6-908C-E6BE864D6292}.Ad-Hoc|x86.ActiveCfg = Ad-Hoc|iPhone
		{AEE607AA-60EC-40A6-908C-E6BE864D6292}.AppStore|Any CPU.ActiveCfg = AppStore|iPhone
		{AEE607AA-60EC-40A6-908C-E6BE864D6292}.AppStore|ARM.ActiveCfg = AppStore|iPhone
		{AEE607AA-60EC-40A6-908C-E6BE864D6292}.AppStore|iPhone.ActiveCfg = AppStore|iPhone
		{AEE607AA-60EC-40A6-908C-E6BE864D6292}.AppStore|iPhone.Build.0 = AppStore|iPhone
		{AEE607AA-60EC-40A6-908C-E6BE864D6292}.AppStore|iPhoneSimulator.ActiveCfg = AppStore|iPhoneSimulator
		{AEE607AA-60EC-40A6-908C-E6BE864D6292}.AppStore|iPhoneSimulator.Build.0 = AppStore|iPhoneSimulator
		{AEE607AA-60EC-40A6-908C-E6BE864D6292}.AppStore|x64.ActiveCfg = AppStore|iPhone
		{AEE607AA-60EC-40A6-908C-E6BE864D6292}.AppStore|x86.ActiveCfg = AppStore|iPhone
		{AEE607AA-60EC-40A6-908C-E6BE864D6292}.Debug|Any CPU.ActiveCfg = Debug|iPhone
		{AEE607AA-60EC-40A6-908C-E6BE864D6292}.Debug|ARM.ActiveCfg = Debug|iPhone
		{AEE607AA-60EC-40A6-908C-E6BE864D6292}.Debug|iPhone.ActiveCfg = Debug|iPhone
		{AEE607AA-60EC-40A6-908C-E6BE864D6292}.Debug|iPhone.Build.0 = Debug|iPhone
		{AEE607AA-60EC-40A6-908C-E6BE864D6292}.Debug|iPhoneSimulator.ActiveCfg = Debug|iPhoneSimulator
		{AEE607AA-60EC-40A6-908C-E6BE864D6292}.Debug|iPhoneSimulator.Build.0 = Debug|iPhoneSimulator
		{AEE607AA-60EC-40A6-908C-E6BE864D6292}.Debug|x64.ActiveCfg = Debug|iPhone
		{AEE607AA-60EC-40A6-908C-E6BE864D6292}.Debug|x86.ActiveCfg = Debug|iPhone
		{AEE607AA-60EC-40A6-908C-E6BE864D6292}.Release|Any CPU.ActiveCfg = Release|iPhone
		{AEE607AA-60EC-40A6-908C-E6BE864D6292}.Release|ARM.ActiveCfg = Release|iPhone
		{AEE607AA-60EC-40A6-908C-E6BE864D6292}.Release|iPhone.ActiveCfg = Release|iPhone
		{AEE607AA-60EC-40A6-908C-E6BE864D6292}.Release|iPhone.Build.0 = Release|iPhone
		{AEE607AA-60EC-40A6-908C-E6BE864D6292}.Release|iPhoneSimulator.ActiveCfg = Release|iPhoneSimulator
		{AEE607AA-60EC-40A6-908C-E6BE864D6292}.Release|iPhoneSimulator.Build.0 = Release|iPhoneSimulator
		{AEE607AA-60EC-40A6-908C-E6BE864D6292}.Release|x64.ActiveCfg = Release|iPhone
		{AEE607AA-60EC-40A6-908C-E6BE864D6292}.Release|x86.ActiveCfg = Release|iPhone
		{464D2BAE-B6CD-4C2F-9E94-7CCE6A2BE8EB}.Ad-Hoc|Any CPU.ActiveCfg = Release|x86
		{464D2BAE-B6CD-4C2F-9E94-7CCE6A2BE8EB}.Ad-Hoc|Any CPU.Build.0 = Release|x86
		{464D2BAE-B6CD-4C2F-9E94-7CCE6A2BE8EB}.Ad-Hoc|Any CPU.Deploy.0 = Release|x86
		{464D2BAE-B6CD-4C2F-9E94-7CCE6A2BE8EB}.Ad-Hoc|ARM.ActiveCfg = Release|ARM
		{464D2BAE-B6CD-4C2F-9E94-7CCE6A2BE8EB}.Ad-Hoc|ARM.Build.0 = Release|ARM
		{464D2BAE-B6CD-4C2F-9E94-7CCE6A2BE8EB}.Ad-Hoc|ARM.Deploy.0 = Release|ARM
		{464D2BAE-B6CD-4C2F-9E94-7CCE6A2BE8EB}.Ad-Hoc|iPhone.ActiveCfg = Release|x86
		{464D2BAE-B6CD-4C2F-9E94-7CCE6A2BE8EB}.Ad-Hoc|iPhone.Build.0 = Release|x86
		{464D2BAE-B6CD-4C2F-9E94-7CCE6A2BE8EB}.Ad-Hoc|iPhone.Deploy.0 = Release|x86
		{464D2BAE-B6CD-4C2F-9E94-7CCE6A2BE8EB}.Ad-Hoc|iPhoneSimulator.ActiveCfg = Release|x86
		{464D2BAE-B6CD-4C2F-9E94-7CCE6A2BE8EB}.Ad-Hoc|iPhoneSimulator.Build.0 = Release|x86
		{464D2BAE-B6CD-4C2F-9E94-7CCE6A2BE8EB}.Ad-Hoc|iPhoneSimulator.Deploy.0 = Release|x86
		{464D2BAE-B6CD-4C2F-9E94-7CCE6A2BE8EB}.Ad-Hoc|x64.ActiveCfg = Release|x64
		{464D2BAE-B6CD-4C2F-9E94-7CCE6A2BE8EB}.Ad-Hoc|x64.Build.0 = Release|x64
		{464D2BAE-B6CD-4C2F-9E94-7CCE6A2BE8EB}.Ad-Hoc|x64.Deploy.0 = Release|x64
		{464D2BAE-B6CD-4C2F-9E94-7CCE6A2BE8EB}.Ad-Hoc|x86.ActiveCfg = Release|x86
		{464D2BAE-B6CD-4C2F-9E94-7CCE6A2BE8EB}.Ad-Hoc|x86.Build.0 = Release|x86
		{464D2BAE-B6CD-4C2F-9E94-7CCE6A2BE8EB}.Ad-Hoc|x86.Deploy.0 = Release|x86
		{464D2BAE-B6CD-4C2F-9E94-7CCE6A2BE8EB}.AppStore|Any CPU.ActiveCfg = Release|x86
		{464D2BAE-B6CD-4C2F-9E94-7CCE6A2BE8EB}.AppStore|Any CPU.Build.0 = Release|x86
		{464D2BAE-B6CD-4C2F-9E94-7CCE6A2BE8EB}.AppStore|Any CPU.Deploy.0 = Release|x86
		{464D2BAE-B6CD-4C2F-9E94-7CCE6A2BE8EB}.AppStore|ARM.ActiveCfg = Release|ARM
		{464D2BAE-B6CD-4C2F-9E94-7CCE6A2BE8EB}.AppStore|ARM.Build.0 = Release|ARM
		{464D2BAE-B6CD-4C2F-9E94-7CCE6A2BE8EB}.AppStore|ARM.Deploy.0 = Release|ARM
		{464D2BAE-B6CD-4C2F-9E94-7CCE6A2BE8EB}.AppStore|iPhone.ActiveCfg = Release|x86
		{464D2BAE-B6CD-4C2F-9E94-7CCE6A2BE8EB}.AppStore|iPhone.Build.0 = Release|x86
		{464D2BAE-B6CD-4C2F-9E94-7CCE6A2BE8EB}.AppStore|iPhone.Deploy.0 = Release|x86
		{464D2BAE-B6CD-4C2F-9E94-7CCE6A2BE8EB}.AppStore|iPhoneSimulator.ActiveCfg = Release|x86
		{464D2BAE-B6CD-4C2F-9E94-7CCE6A2BE8EB}.AppStore|iPhoneSimulator.Build.0 = Release|x86
		{464D2BAE-B6CD-4C2F-9E94-7CCE6A2BE8EB}.AppStore|iPhoneSimulator.Deploy.0 = Release|x86
		{464D2BAE-B6CD-4C2F-9E94-7CCE6A2BE8EB}.AppStore|x64.ActiveCfg = Release|x64
		{464D2BAE-B6CD-4C2F-9E94-7CCE6A2BE8EB}.AppStore|x64.Build.0 = Release|x64
		{464D2BAE-B6CD-4C2F-9E94-7CCE6A2BE8EB}.AppStore|x64.Deploy.0 = Release|x64
		{464D2BAE-B6CD-4C2F-9E94-7CCE6A2BE8EB}.AppStore|x86.ActiveCfg = Release|x86
		{464D2BAE-B6CD-4C2F-9E94-7CCE6A2BE8EB}.AppStore|x86.Build.0 = Release|x86
		{464D2BAE-B6CD-4C2F-9E94-7CCE6A2BE8EB}.AppStore|x86.Deploy.0 = Release|x86
		{464D2BAE-B6CD-4C2F-9E94-7CCE6A2BE8EB}.Debug|Any CPU.ActiveCfg = Debug|x86
		{464D2BAE-B6CD-4C2F-9E94-7CCE6A2BE8EB}.Debug|ARM.ActiveCfg = Debug|ARM
		{464D2BAE-B6CD-4C2F-9E94-7CCE6A2BE8EB}.Debug|ARM.Build.0 = Debug|ARM
		{464D2BAE-B6CD-4C2F-9E94-7CCE6A2BE8EB}.Debug|ARM.Deploy.0 = Debug|ARM
		{464D2BAE-B6CD-4C2F-9E94-7CCE6A2BE8EB}.Debug|iPhone.ActiveCfg = Debug|x86
		{464D2BAE-B6CD-4C2F-9E94-7CCE6A2BE8EB}.Debug|iPhoneSimulator.ActiveCfg = Debug|x86
		{464D2BAE-B6CD-4C2F-9E94-7CCE6A2BE8EB}.Debug|x64.ActiveCfg = Debug|x64
		{464D2BAE-B6CD-4C2F-9E94-7CCE6A2BE8EB}.Debug|x64.Build.0 = Debug|x64
		{464D2BAE-B6CD-4C2F-9E94-7CCE6A2BE8EB}.Debug|x64.Deploy.0 = Debug|x64
		{464D2BAE-B6CD-4C2F-9E94-7CCE6A2BE8EB}.Debug|x86.ActiveCfg = Debug|x86
		{464D2BAE-B6CD-4C2F-9E94-7CCE6A2BE8EB}.Debug|x86.Build.0 = Debug|x86
		{464D2BAE-B6CD-4C2F-9E94-7CCE6A2BE8EB}.Debug|x86.Deploy.0 = Debug|x86
		{464D2BAE-B6CD-4C2F-9E94-7CCE6A2BE8EB}.Release|Any CPU.ActiveCfg = Release|x86
		{464D2BAE-B6CD-4C2F-9E94-7CCE6A2BE8EB}.Release|ARM.ActiveCfg = Release|ARM
		{464D2BAE-B6CD-4C2F-9E94-7CCE6A2BE8EB}.Release|ARM.Build.0 = Release|ARM
		{464D2BAE-B6CD-4C2F-9E94-7CCE6A2BE8EB}.Release|ARM.Deploy.0 = Release|ARM
		{464D2BAE-B6CD-4C2F-9E94-7CCE6A2BE8EB}.Release|iPhone.ActiveCfg = Release|x86
		{464D2BAE-B6CD-4C2F-9E94-7CCE6A2BE8EB}.Release|iPhoneSimulator.ActiveCfg = Release|x86
		{464D2BAE-B6CD-4C2F-9E94-7CCE6A2BE8EB}.Release|x64.ActiveCfg = Release|x64
		{464D2BAE-B6CD-4C2F-9E94-7CCE6A2BE8EB}.Release|x64.Build.0 = Release|x64
		{464D2BAE-B6CD-4C2F-9E94-7CCE6A2BE8EB}.Release|x64.Deploy.0 = Release|x64
		{464D2BAE-B6CD-4C2F-9E94-7CCE6A2BE8EB}.Release|x86.ActiveCfg = Release|x86
		{464D2BAE-B6CD-4C2F-9E94-7CCE6A2BE8EB}.Release|x86.Build.0 = Release|x86
		{464D2BAE-B6CD-4C2F-9E94-7CCE6A2BE8EB}.Release|x86.Deploy.0 = Release|x86
		{C147ABCC-78BF-429E-A065-63786B696704}.Ad-Hoc|Any CPU.ActiveCfg = Debug|Any CPU
		{C147ABCC-78BF-429E-A065-63786B696704}.Ad-Hoc|Any CPU.Build.0 = Debug|Any CPU
		{C147ABCC-78BF-429E-A065-63786B696704}.Ad-Hoc|ARM.ActiveCfg = Debug|Any CPU
		{C147ABCC-78BF-429E-A065-63786B696704}.Ad-Hoc|ARM.Build.0 = Debug|Any CPU
		{C147ABCC-78BF-429E-A065-63786B696704}.Ad-Hoc|iPhone.ActiveCfg = Debug|Any CPU
		{C147ABCC-78BF-429E-A065-63786B696704}.Ad-Hoc|iPhone.Build.0 = Debug|Any CPU
		{C147ABCC-78BF-429E-A065-63786B696704}.Ad-Hoc|iPhoneSimulator.ActiveCfg = Debug|Any CPU
		{C147ABCC-78BF-429E-A065-63786B696704}.Ad-Hoc|iPhoneSimulator.Build.0 = Debug|Any CPU
		{C147ABCC-78BF-429E-A065-63786B696704}.Ad-Hoc|x64.ActiveCfg = Debug|Any CPU
		{C147ABCC-78BF-429E-A065-63786B696704}.Ad-Hoc|x64.Build.0 = Debug|Any CPU
		{C147ABCC-78BF-429E-A065-63786B696704}.Ad-Hoc|x86.ActiveCfg = Debug|Any CPU
		{C147ABCC-78BF-429E-A065-63786B696704}.Ad-Hoc|x86.Build.0 = Debug|Any CPU
		{C147ABCC-78BF-429E-A065-63786B696704}.AppStore|Any CPU.ActiveCfg = Debug|Any CPU
		{C147ABCC-78BF-429E-A065-63786B696704}.AppStore|Any CPU.Build.0 = Debug|Any CPU
		{C147ABCC-78BF-429E-A065-63786B696704}.AppStore|ARM.ActiveCfg = Debug|Any CPU
		{C147ABCC-78BF-429E-A065-63786B696704}.AppStore|ARM.Build.0 = Debug|Any CPU
		{C147ABCC-78BF-429E-A065-63786B696704}.AppStore|iPhone.ActiveCfg = Debug|Any CPU
		{C147ABCC-78BF-429E-A065-63786B696704}.AppStore|iPhone.Build.0 = Debug|Any CPU
		{C147ABCC-78BF-429E-A065-63786B696704}.AppStore|iPhoneSimulator.ActiveCfg = Debug|Any CPU
		{C147ABCC-78BF-429E-A065-63786B696704}.AppStore|iPhoneSimulator.Build.0 = Debug|Any CPU
		{C147ABCC-78BF-429E-A065-63786B696704}.AppStore|x64.ActiveCfg = Debug|Any CPU
		{C147ABCC-78BF-429E-A065-63786B696704}.AppStore|x64.Build.0 = Debug|Any CPU
		{C147ABCC-78BF-429E-A065-63786B696704}.AppStore|x86.ActiveCfg = Debug|Any CPU
		{C147ABCC-78BF-429E-A065-63786B696704}.AppStore|x86.Build.0 = Debug|Any CPU
		{C147ABCC-78BF-429E-A065-63786B696704}.Debug|Any CPU.ActiveCfg = Debug|Any CPU
		{C147ABCC-78BF-429E-A065-63786B696704}.Debug|Any CPU.Build.0 = Debug|Any CPU
		{C147ABCC-78BF-429E-A065-63786B696704}.Debug|ARM.ActiveCfg = Debug|Any CPU
		{C147ABCC-78BF-429E-A065-63786B696704}.Debug|ARM.Build.0 = Debug|Any CPU
		{C147ABCC-78BF-429E-A065-63786B696704}.Debug|iPhone.ActiveCfg = Debug|Any CPU
		{C147ABCC-78BF-429E-A065-63786B696704}.Debug|iPhone.Build.0 = Debug|Any CPU
		{C147ABCC-78BF-429E-A065-63786B696704}.Debug|iPhoneSimulator.ActiveCfg = Debug|Any CPU
		{C147ABCC-78BF-429E-A065-63786B696704}.Debug|iPhoneSimulator.Build.0 = Debug|Any CPU
		{C147ABCC-78BF-429E-A065-63786B696704}.Debug|x64.ActiveCfg = Debug|Any CPU
		{C147ABCC-78BF-429E-A065-63786B696704}.Debug|x64.Build.0 = Debug|Any CPU
		{C147ABCC-78BF-429E-A065-63786B696704}.Debug|x86.ActiveCfg = Debug|Any CPU
		{C147ABCC-78BF-429E-A065-63786B696704}.Debug|x86.Build.0 = Debug|Any CPU
		{C147ABCC-78BF-429E-A065-63786B696704}.Release|Any CPU.ActiveCfg = Release|Any CPU
		{C147ABCC-78BF-429E-A065-63786B696704}.Release|Any CPU.Build.0 = Release|Any CPU
		{C147ABCC-78BF-429E-A065-63786B696704}.Release|ARM.ActiveCfg = Release|Any CPU
		{C147ABCC-78BF-429E-A065-63786B696704}.Release|ARM.Build.0 = Release|Any CPU
		{C147ABCC-78BF-429E-A065-63786B696704}.Release|iPhone.ActiveCfg = Release|Any CPU
		{C147ABCC-78BF-429E-A065-63786B696704}.Release|iPhone.Build.0 = Release|Any CPU
		{C147ABCC-78BF-429E-A065-63786B696704}.Release|iPhoneSimulator.ActiveCfg = Release|Any CPU
		{C147ABCC-78BF-429E-A065-63786B696704}.Release|iPhoneSimulator.Build.0 = Release|Any CPU
		{C147ABCC-78BF-429E-A065-63786B696704}.Release|x64.ActiveCfg = Release|Any CPU
		{C147ABCC-78BF-429E-A065-63786B696704}.Release|x64.Build.0 = Release|Any CPU
		{C147ABCC-78BF-429E-A065-63786B696704}.Release|x86.ActiveCfg = Release|Any CPU
		{C147ABCC-78BF-429E-A065-63786B696704}.Release|x86.Build.0 = Release|Any CPU
	EndGlobalSection
	GlobalSection(SolutionProperties) = preSolution
		HideSolutionNode = FALSE
	EndGlobalSection
	GlobalSection(ExtensibilityGlobals) = postSolution
		SolutionGuid = {B99BA241-0AC3-4024-B14A-5B6E6B5D581F}
	EndGlobalSection
EndGlobal
